{
  "nodes": {
    "fenix": {
      "inputs": {
        "nixpkgs": [
          "nixpkgs"
        ],
        "rust-analyzer-src": "rust-analyzer-src"
      },
      "locked": {
        "lastModified": 1791115502,
        "narHash": "sha256-aVTOHyf6BmkMvHThIerMWfUyNe1uCb99rBtWidWeHOE=",
        "owner": "nix-community",
        "repo": "fenix",
        "rev": "6598f619e53297ea2328ddd40d431c7bc41f7bc1",
        "type": "github"
      },
      "original": {
        "owner": "nix-community",
        "repo": "fenix",
        "type": "github"
      }
    },
    "flake-utils": {
      "inputs": {
        "systems": "systems"
      },
      "locked": {
        "lastModified": 1731533236,
        "narHash": "sha256-l0KFg5HjrsfsO/JpG+r7fRrqm12kzFHyUHqHCVpMMbI=",
        "owner": "numtide",
        "repo": "flake-utils",
        "rev": "11707dc2f618dd54ca8739b309ec4fc024de578b",
        "type": "github"
      },
      "original": {
        "owner": "numtide",
        "repo": "flake-utils",
        "type": "github"
      }
    },
    "nixpkgs": {
      "locked": {
        "lastModified": 1791143449,
        "narHash": "sha256-9+n3ReS2y9xS199LoJjKUWHwZrISGHWgkD/LUZTDZyA=",
        "owner": "nixos",
        "repo": "nixpkgs",
        "rev": "0d9e9b832d03ac387417e16ce1febf73b2e631e1",
        "type": "github"
      },
      "original": {
        "owner": "nixos",
        "ref": "nixos-26.05",
        "repo": "nixpkgs",
        "type": "github"
      }
    },
    "root": {
      "inputs": {
        "fenix": "fenix",
        "flake-utils": "flake-utils",
        "nixpkgs": "nixpkgs",
        "zigPkgs": "zigPkgs",
        "zlsPkg": "zlsPkg"
      }
    },
    "rust-analyzer-src": {
      "flake": false,
      "locked": {
        "lastModified": 1790991460,
        "narHash": "sha256-88lguqQwNBIQAd7hzxFMMg4LaPiJuvBTTbyCDDltGiQ=",
        "owner": "rust-lang",
        "repo": "rust-analyzer",
        "rev": "3332931d313fad08166571c05d7237d3a4d77ac2",
        "type": "github"
      },
      "original": {
        "owner": "rust-lang",
        "ref": "nightly",
        "repo": "rust-analyzer",
        "type": "github"
      }
    },
    "systems": {
      "locked": {
        "lastModified": 1681028828,
        "narHash": "sha256-Vy1rq5AaRuLzOxct8nz4T6wlgyUR7zLU309k9mBC768=",
        "owner": "nix-systems",
        "repo": "default",
        "rev": "da67096a3b9bf56a91d16901293e51ba5b49a27e",
        "type": "github"
      },
      "original": {
        "owner": "nix-systems",
        "repo": "default",
        "type": "github"
      }
    },
    "zigPkgs": {
      "inputs": {
        "nixpkgs": [
          "nixpkgs"
        ]
      },
      "locked": {
        "lastModified": 1791205453,
        "narHash": "sha256-J5Qhaood02SttEWEvR3TXg43H60P5NYSlKkqod02d7k=",
        "owner": "silversquirl",
        "repo": "zig-flake",
        "rev": "23e0964d256c85e286a06abdbc7bf483cd80c17e",
        "type": "github"
      },
      "original": {
        "owner": "silversquirl",
        "repo": "zig-flake",
        "type": "github"
      }
    },
    "zlsPkg": {
      "inputs": {
        "nixpkgs": [
          "nixpkgs"
        ],
        "zig-flake": [
          "zigPkgs"
        ]
      },
      "locked": {
        "lastModified": 1790989120,
        "narHash": "sha256-7BnT4VrhOApLVWDay7w6Jm9z/pNWc4trOLAwu+TfQLk=",
        "owner": "zigtools",
        "repo": "zls",
        "rev": "eab2be0fd74443a27662da809b771c4ad0d2afcf",
        "type": "github"
      },
      "original": {
        "owner": "zigtools",
        "repo": "zls",
        "rev": "eab2be0fd74443a27662da809b771c4ad0d2afcf",
        "type": "github"
      }
    }
  },
  "root": "root",
  "version": 7
}
